
Microsoft Visual Studio Solution File, Format Version 12.00
# Visual Studio Version 16
VisualStudioVersion = 16.0.31424.327
MinimumVisualStudioVersion = 10.0.40219.1
Project("{9A19103F-16F7-4668-BE54-9A1E7A4F7556}") = "CustomerInfoAPI", "CustomerInfoAPI\CustomerInfoAPI.csproj", "{8BCF563A-F79E-4D5F-8802-C12618E26353}"
EndProject
Project("{9A19103F-16F7-4668-BE54-9A1E7A4F7556}") = "LoggerService", "LoggerService\LoggerService.csproj", "{91E0295A-7D2D-433D-8AFE-95B1486A5FAC}"
EndProject
Project("{FAE04EC0-301F-11D3-BF4B-00C04F79EFBC}") = "Entities", "Entities\Entities.csproj", "{BCDB7851-5123-48AD-A97E-A9FFC2D46D30}"
EndProject
Global
	GlobalSection(SolutionConfigurationPlatforms) = preSolution
		Debug|Any CPU = Debug|Any CPU
		Release|Any CPU = Release|Any CPU
	EndGlobalSection
	GlobalSection(ProjectConfigurationPlatforms) = postSolution
		{8BCF563A-F79E-4D5F-8802-C12618E26353}.Debug|Any CPU.ActiveCfg = Debug|Any CPU
		{8BCF563A-F79E-4D5F-8802-C12618E26353}.Debug|Any CPU.Build.0 = Debug|Any CPU
		{8BCF563A-F79E-4D5F-8802-C12618E26353}.Release|Any CPU.ActiveCfg = Release|Any CPU
		{8BCF563A-F79E-4D5F-8802-C12618E26353}.Release|Any CPU.Build.0 = Release|Any CPU
		{91E0295A-7D2D-433D-8AFE-95B1486A5FAC}.Debug|Any CPU.ActiveCfg = Debug|Any CPU
		{91E0295A-7D2D-433D-8AFE-95B1486A5FAC}.Debug|Any CPU.Build.0 = Debug|Any CPU
		{91E0295A-7D2D-433D-8AFE-95B1486A5FAC}.Release|Any CPU.ActiveCfg = Release|Any CPU
		{91E0295A-7D2D-433D-8AFE-95B1486A5FAC}.Release|Any CPU.Build.0 = Release|Any CPU
		{BCDB7851-5123-48AD-A97E-A9FFC2D46D30}.Debug|Any CPU.ActiveCfg = Debug|Any CPU
		{BCDB7851-5123-48AD-A97E-A9FFC2D46D30}.Debug|Any CPU.Build.0 = Debug|Any CPU
		{BCDB7851-5123-48AD-A97E-A9FFC2D46D30}.Release|Any CPU.ActiveCfg = Release|Any CPU
		{BCDB7851-5123-48AD-A97E-A9FFC2D46D30}.Release|Any CPU.Build.0 = Release|Any CPU
	EndGlobalSection
	GlobalSection(SolutionProperties) = preSolution
		HideSolutionNode = FALSE
	EndGlobalSection
	GlobalSection(ExtensibilityGlobals) = postSolution
		SolutionGuid = {C5154200-BBF5-45A7-84B0-392A894217DE}
	EndGlobalSection
EndGlobal
